
Microsoft Visual Studio Solution File, Format Version 12.00
# Visual Studio Version 16
VisualStudioVersion = 16.0.31702.278
MinimumVisualStudioVersion = 10.0.40219.1
Project("{2150E333-8FDC-42A3-9474-1A3956D46DE8}") = "src", "src", "{787AFB41-3206-477A-9F57-F403E74785CE}"
EndProject
Project("{2150E333-8FDC-42A3-9474-1A3956D46DE8}") = "Bulding Blocks", "Bulding Blocks", "{0FC0B941-01E0-4522-B2A3-3F5462C2A316}"
EndProject
Project("{2150E333-8FDC-42A3-9474-1A3956D46DE8}") = "Services", "Services", "{CAC90228-B149-4F91-9333-1B88DA850E49}"
EndProject
Project("{2150E333-8FDC-42A3-9474-1A3956D46DE8}") = "Web", "Web", "{287FB16F-B9E1-414B-90D8-E4D4949F8164}"
EndProject
Project("{2150E333-8FDC-42A3-9474-1A3956D46DE8}") = "Identidade", "Identidade", "{97B8B92D-DDBD-445F-9AED-2951221D4FF0}"
EndProject
Project("{2150E333-8FDC-42A3-9474-1A3956D46DE8}") = "MVC", "MVC", "{413E43A6-6362-4E0A-A10C-020137155778}"
EndProject
Project("{FAE04EC0-301F-11D3-BF4B-00C04F79EFBC}") = "NSE.WebApp.MVC", "src\web\NSE.WebApp.MVC\NSE.WebApp.MVC.csproj", "{018B5EA6-BD07-4184-A0EC-06E00E90A8AB}"
EndProject
Project("{2150E333-8FDC-42A3-9474-1A3956D46DE8}") = "Core", "Core", "{BC81D050-312A-4D61-B07E-AECFC105E7B3}"
EndProject
Project("{FAE04EC0-301F-11D3-BF4B-00C04F79EFBC}") = "NSE.Core", "src\building blocks\NSE.Core\NSE.Core.csproj", "{76381F26-54D5-4EED-ABD5-1B39ED50D6E1}"
EndProject
Project("{2150E333-8FDC-42A3-9474-1A3956D46DE8}") = "Carrinho", "Carrinho", "{6514D176-072A-4ACA-9B7C-E04210CBEFCC}"
EndProject
Project("{2150E333-8FDC-42A3-9474-1A3956D46DE8}") = "Catalogo", "Catalogo", "{43A6AD93-F104-4FE2-B0F5-662216B3E0B1}"
EndProject
Project("{2150E333-8FDC-42A3-9474-1A3956D46DE8}") = "Cliente", "Cliente", "{5AC74FB4-9C22-4800-8672-BCCBC2A643D3}"
EndProject
Project("{2150E333-8FDC-42A3-9474-1A3956D46DE8}") = "Pagamento", "Pagamento", "{6C1344D4-4C85-4D67-AB2D-D998C3C84EEE}"
EndProject
Project("{2150E333-8FDC-42A3-9474-1A3956D46DE8}") = "Pedido", "Pedido", "{CB1AD5ED-BAE3-4D65-BD3D-E51E877F4744}"
EndProject
Project("{FAE04EC0-301F-11D3-BF4B-00C04F79EFBC}") = "NSE.Cliente.API", "src\services\NSE.Cliente.API\NSE.Cliente.API.csproj", "{51199CA1-CD22-4640-8692-F5CE14AAB7A3}"
EndProject
Project("{FAE04EC0-301F-11D3-BF4B-00C04F79EFBC}") = "NSE.Catalogo.API", "src\services\NSE.Catalogo.API\NSE.Catalogo.API.csproj", "{A3101055-5F1A-46A3-B0C6-D147B67E0E29}"
EndProject
Project("{FAE04EC0-301F-11D3-BF4B-00C04F79EFBC}") = "NSE.Carrinho.API", "src\services\NSE.Carrinho.API\NSE.Carrinho.API.csproj", "{DEC84149-F195-42FB-ADD4-0D7A14CF89BD}"
EndProject
Project("{FAE04EC0-301F-11D3-BF4B-00C04F79EFBC}") = "NSE.Pagamento.API", "src\services\NSE.Pagamento.API\NSE.Pagamento.API.csproj", "{87A3782F-034B-496C-8E6B-1B414A65CAFE}"
EndProject
Project("{FAE04EC0-301F-11D3-BF4B-00C04F79EFBC}") = "NSE.Pedido.API", "src\services\NSE.Pedido.API\NSE.Pedido.API.csproj", "{8C74E61A-33D5-488F-BC80-0F8BF70964FC}"
EndProject
Project("{FAE04EC0-301F-11D3-BF4B-00C04F79EFBC}") = "NSE.Identidade.API", "src\services\NSE.Identidade.API\NSE.Identidade.API.csproj", "{4C422A40-2DF0-4FF8-90E6-847EA847C498}"
EndProject
Global
	GlobalSection(SolutionConfigurationPlatforms) = preSolution
		Debug|Any CPU = Debug|Any CPU
		Release|Any CPU = Release|Any CPU
	EndGlobalSection
	GlobalSection(ProjectConfigurationPlatforms) = postSolution
		{018B5EA6-BD07-4184-A0EC-06E00E90A8AB}.Debug|Any CPU.ActiveCfg = Debug|Any CPU
		{018B5EA6-BD07-4184-A0EC-06E00E90A8AB}.Debug|Any CPU.Build.0 = Debug|Any CPU
		{018B5EA6-BD07-4184-A0EC-06E00E90A8AB}.Release|Any CPU.ActiveCfg = Release|Any CPU
		{018B5EA6-BD07-4184-A0EC-06E00E90A8AB}.Release|Any CPU.Build.0 = Release|Any CPU
		{76381F26-54D5-4EED-ABD5-1B39ED50D6E1}.Debug|Any CPU.ActiveCfg = Debug|Any CPU
		{76381F26-54D5-4EED-ABD5-1B39ED50D6E1}.Debug|Any CPU.Build.0 = Debug|Any CPU
		{76381F26-54D5-4EED-ABD5-1B39ED50D6E1}.Release|Any CPU.ActiveCfg = Release|Any CPU
		{76381F26-54D5-4EED-ABD5-1B39ED50D6E1}.Release|Any CPU.Build.0 = Release|Any CPU
		{51199CA1-CD22-4640-8692-F5CE14AAB7A3}.Debug|Any CPU.ActiveCfg = Debug|Any CPU
		{51199CA1-CD22-4640-8692-F5CE14AAB7A3}.Debug|Any CPU.Build.0 = Debug|Any CPU
		{51199CA1-CD22-4640-8692-F5CE14AAB7A3}.Release|Any CPU.ActiveCfg = Release|Any CPU
		{51199CA1-CD22-4640-8692-F5CE14AAB7A3}.Release|Any CPU.Build.0 = Release|Any CPU
		{A3101055-5F1A-46A3-B0C6-D147B67E0E29}.Debug|Any CPU.ActiveCfg = Debug|Any CPU
		{A3101055-5F1A-46A3-B0C6-D147B67E0E29}.Debug|Any CPU.Build.0 = Debug|Any CPU
		{A3101055-5F1A-46A3-B0C6-D147B67E0E29}.Release|Any CPU.ActiveCfg = Release|Any CPU
		{A3101055-5F1A-46A3-B0C6-D147B67E0E29}.Release|Any CPU.Build.0 = Release|Any CPU
		{DEC84149-F195-42FB-ADD4-0D7A14CF89BD}.Debug|Any CPU.ActiveCfg = Debug|Any CPU
		{DEC84149-F195-42FB-ADD4-0D7A14CF89BD}.Debug|Any CPU.Build.0 = Debug|Any CPU
		{DEC84149-F195-42FB-ADD4-0D7A14CF89BD}.Release|Any CPU.ActiveCfg = Release|Any CPU
		{DEC84149-F195-42FB-ADD4-0D7A14CF89BD}.Release|Any CPU.Build.0 = Release|Any CPU
		{87A3782F-034B-496C-8E6B-1B414A65CAFE}.Debug|Any CPU.ActiveCfg = Debug|Any CPU
		{87A3782F-034B-496C-8E6B-1B414A65CAFE}.Debug|Any CPU.Build.0 = Debug|Any CPU
		{87A3782F-034B-496C-8E6B-1B414A65CAFE}.Release|Any CPU.ActiveCfg = Release|Any CPU
		{87A3782F-034B-496C-8E6B-1B414A65CAFE}.Release|Any CPU.Build.0 = Release|Any CPU
		{8C74E61A-33D5-488F-BC80-0F8BF70964FC}.Debug|Any CPU.ActiveCfg = Debug|Any CPU
		{8C74E61A-33D5-488F-BC80-0F8BF70964FC}.Debug|Any CPU.Build.0 = Debug|Any CPU
		{8C74E61A-33D5-488F-BC80-0F8BF70964FC}.Release|Any CPU.ActiveCfg = Release|Any CPU
		{8C74E61A-33D5-488F-BC80-0F8BF70964FC}.Release|Any CPU.Build.0 = Release|Any CPU
		{4C422A40-2DF0-4FF8-90E6-847EA847C498}.Debug|Any CPU.ActiveCfg = Debug|Any CPU
		{4C422A40-2DF0-4FF8-90E6-847EA847C498}.Debug|Any CPU.Build.0 = Debug|Any CPU
		{4C422A40-2DF0-4FF8-90E6-847EA847C498}.Release|Any CPU.ActiveCfg = Release|Any CPU
		{4C422A40-2DF0-4FF8-90E6-847EA847C498}.Release|Any CPU.Build.0 = Release|Any CPU
	EndGlobalSection
	GlobalSection(SolutionProperties) = preSolution
		HideSolutionNode = FALSE
	EndGlobalSection
	GlobalSection(NestedProjects) = preSolution
		{0FC0B941-01E0-4522-B2A3-3F5462C2A316} = {787AFB41-3206-477A-9F57-F403E74785CE}
		{CAC90228-B149-4F91-9333-1B88DA850E49} = {787AFB41-3206-477A-9F57-F403E74785CE}
		{287FB16F-B9E1-414B-90D8-E4D4949F8164} = {787AFB41-3206-477A-9F57-F403E74785CE}
		{97B8B92D-DDBD-445F-9AED-2951221D4FF0} = {CAC90228-B149-4F91-9333-1B88DA850E49}
		{413E43A6-6362-4E0A-A10C-020137155778} = {287FB16F-B9E1-414B-90D8-E4D4949F8164}
		{018B5EA6-BD07-4184-A0EC-06E00E90A8AB} = {413E43A6-6362-4E0A-A10C-020137155778}
		{BC81D050-312A-4D61-B07E-AECFC105E7B3} = {0FC0B941-01E0-4522-B2A3-3F5462C2A316}
		{76381F26-54D5-4EED-ABD5-1B39ED50D6E1} = {BC81D050-312A-4D61-B07E-AECFC105E7B3}
		{6514D176-072A-4ACA-9B7C-E04210CBEFCC} = {CAC90228-B149-4F91-9333-1B88DA850E49}
		{43A6AD93-F104-4FE2-B0F5-662216B3E0B1} = {CAC90228-B149-4F91-9333-1B88DA850E49}
		{5AC74FB4-9C22-4800-8672-BCCBC2A643D3} = {CAC90228-B149-4F91-9333-1B88DA850E49}
		{6C1344D4-4C85-4D67-AB2D-D998C3C84EEE} = {CAC90228-B149-4F91-9333-1B88DA850E49}
		{CB1AD5ED-BAE3-4D65-BD3D-E51E877F4744} = {CAC90228-B149-4F91-9333-1B88DA850E49}
		{51199CA1-CD22-4640-8692-F5CE14AAB7A3} = {5AC74FB4-9C22-4800-8672-BCCBC2A643D3}
		{A3101055-5F1A-46A3-B0C6-D147B67E0E29} = {43A6AD93-F104-4FE2-B0F5-662216B3E0B1}
		{DEC84149-F195-42FB-ADD4-0D7A14CF89BD} = {6514D176-072A-4ACA-9B7C-E04210CBEFCC}
		{87A3782F-034B-496C-8E6B-1B414A65CAFE} = {6C1344D4-4C85-4D67-AB2D-D998C3C84EEE}
		{8C74E61A-33D5-488F-BC80-0F8BF70964FC} = {CB1AD5ED-BAE3-4D65-BD3D-E51E877F4744}
		{4C422A40-2DF0-4FF8-90E6-847EA847C498} = {97B8B92D-DDBD-445F-9AED-2951221D4FF0}
	EndGlobalSection
	GlobalSection(ExtensibilityGlobals) = postSolution
		SolutionGuid = {4392568A-DE5D-40A8-989A-788D2DAF16E5}
	EndGlobalSection
EndGlobal
